
Microsoft Visual Studio Solution File, Format Version 12.00
# Visual Studio Version 17
VisualStudioVersion = 17.0.31919.166
MinimumVisualStudioVersion = 10.0.40219.1
Project("{FAE04EC0-301F-11D3-BF4B-00C04F79EFBC}") = "FactoryMethod", "DesignPatterns\FactoryMethod.csproj", "{B58B1E9D-AD9E-4F6D-9666-06A38FD3F34F}"
EndProject
Global
	GlobalSection(SolutionConfigurationPlatforms) = preSolution
		Debug|Any CPU = Debug|Any CPU
		Release|Any CPU = Release|Any CPU
	EndGlobalSection
	GlobalSection(ProjectConfigurationPlatforms) = postSolution
		{B58B1E9D-AD9E-4F6D-9666-06A38FD3F34F}.Debug|Any CPU.ActiveCfg = Debug|Any CPU
		{B58B1E9D-AD9E-4F6D-9666-06A38FD3F34F}.Debug|Any CPU.Build.0 = Debug|Any CPU
		{B58B1E9D-AD9E-4F6D-9666-06A38FD3F34F}.Release|Any CPU.ActiveCfg = Release|Any CPU
		{B58B1E9D-AD9E-4F6D-9666-06A38FD3F34F}.Release|Any CPU.Build.0 = Release|Any CPU
	EndGlobalSection
	GlobalSection(SolutionProperties) = preSolution
		HideSolutionNode = FALSE
	EndGlobalSection
	GlobalSection(ExtensibilityGlobals) = postSolution
		SolutionGuid = {5A3A90F7-B70E-402F-BA70-A9C45F898584}
	EndGlobalSection
EndGlobal
